
Microsoft Visual Studio Solution File, Format Version 12.00
# Visual Studio Version 17
VisualStudioVersion = 17.14.36414.22 d17.14
MinimumVisualStudioVersion = 10.0.40219.1
Project("{FAE04EC0-301F-11D3-BF4B-00C04F79EFBC}") = "LAB5", "LAB5.csproj", "{497D3F25-132E-4148-AABF-10160B9A4351}"
EndProject
Global
	GlobalSection(SolutionConfigurationPlatforms) = preSolution
		Debug|Any CPU = Debug|Any CPU
		Release|Any CPU = Release|Any CPU
	EndGlobalSection
	GlobalSection(ProjectConfigurationPlatforms) = postSolution
		{497D3F25-132E-4148-AABF-10160B9A4351}.Debug|Any CPU.ActiveCfg = Debug|Any CPU
		{497D3F25-132E-4148-AABF-10160B9A4351}.Debug|Any CPU.Build.0 = Debug|Any CPU
		{497D3F25-132E-4148-AABF-10160B9A4351}.Release|Any CPU.ActiveCfg = Release|Any CPU
		{497D3F25-132E-4148-AABF-10160B9A4351}.Release|Any CPU.Build.0 = Release|Any CPU
	EndGlobalSection
	GlobalSection(SolutionProperties) = preSolution
		HideSolutionNode = FALSE
	EndGlobalSection
	GlobalSection(ExtensibilityGlobals) = postSolution
		SolutionGuid = {002BBDBB-A432-466C-BD31-415BCAF9E750}
	EndGlobalSection
EndGlobal
